
Microsoft Visual Studio Solution File, Format Version 12.00
# Visual Studio 15
VisualStudioVersion = 15.0.26124.0
MinimumVisualStudioVersion = 15.0.26124.0
Project("{FAE04EC0-301F-11D3-BF4B-00C04F79EFBC}") = "Domain", "Domain\Domain.csproj", "{3FFE6B2E-5777-47DA-B802-5647BA022F9E}"
EndProject
Project("{FAE04EC0-301F-11D3-BF4B-00C04F79EFBC}") = "Application", "Application\Application.csproj", "{BD91F867-2368-4485-AEB2-39C9672C4150}"
EndProject
Project("{FAE04EC0-301F-11D3-BF4B-00C04F79EFBC}") = "Persistence", "Persistence\Persistence.csproj", "{B9D32552-33DB-4DDA-A987-69D5DD570300}"
EndProject
Project("{FAE04EC0-301F-11D3-BF4B-00C04F79EFBC}") = "API", "API\API.csproj", "{20B8A427-AF4F-42F5-8825-06E5BEB46EFE}"
EndProject
Global
	GlobalSection(SolutionConfigurationPlatforms) = preSolution
		Debug|Any CPU = Debug|Any CPU
		Debug|x64 = Debug|x64
		Debug|x86 = Debug|x86
		Release|Any CPU = Release|Any CPU
		Release|x64 = Release|x64
		Release|x86 = Release|x86
	EndGlobalSection
	GlobalSection(SolutionProperties) = preSolution
		HideSolutionNode = FALSE
	EndGlobalSection
	GlobalSection(ProjectConfigurationPlatforms) = postSolution
		{3FFE6B2E-5777-47DA-B802-5647BA022F9E}.Debug|Any CPU.ActiveCfg = Debug|Any CPU
		{3FFE6B2E-5777-47DA-B802-5647BA022F9E}.Debug|Any CPU.Build.0 = Debug|Any CPU
		{3FFE6B2E-5777-47DA-B802-5647BA022F9E}.Debug|x64.ActiveCfg = Debug|Any CPU
		{3FFE6B2E-5777-47DA-B802-5647BA022F9E}.Debug|x64.Build.0 = Debug|Any CPU
		{3FFE6B2E-5777-47DA-B802-5647BA022F9E}.Debug|x86.ActiveCfg = Debug|Any CPU
		{3FFE6B2E-5777-47DA-B802-5647BA022F9E}.Debug|x86.Build.0 = Debug|Any CPU
		{3FFE6B2E-5777-47DA-B802-5647BA022F9E}.Release|Any CPU.ActiveCfg = Release|Any CPU
		{3FFE6B2E-5777-47DA-B802-5647BA022F9E}.Release|Any CPU.Build.0 = Release|Any CPU
		{3FFE6B2E-5777-47DA-B802-5647BA022F9E}.Release|x64.ActiveCfg = Release|Any CPU
		{3FFE6B2E-5777-47DA-B802-5647BA022F9E}.Release|x64.Build.0 = Release|Any CPU
		{3FFE6B2E-5777-47DA-B802-5647BA022F9E}.Release|x86.ActiveCfg = Release|Any CPU
		{3FFE6B2E-5777-47DA-B802-5647BA022F9E}.Release|x86.Build.0 = Release|Any CPU
		{BD91F867-2368-4485-AEB2-39C9672C4150}.Debug|Any CPU.ActiveCfg = Debug|Any CPU
		{BD91F867-2368-4485-AEB2-39C9672C4150}.Debug|Any CPU.Build.0 = Debug|Any CPU
		{BD91F867-2368-4485-AEB2-39C9672C4150}.Debug|x64.ActiveCfg = Debug|Any CPU
		{BD91F867-2368-4485-AEB2-39C9672C4150}.Debug|x64.Build.0 = Debug|Any CPU
		{BD91F867-2368-4485-AEB2-39C9672C4150}.Debug|x86.ActiveCfg = Debug|Any CPU
		{BD91F867-2368-4485-AEB2-39C9672C4150}.Debug|x86.Build.0 = Debug|Any CPU
		{BD91F867-2368-4485-AEB2-39C9672C4150}.Release|Any CPU.ActiveCfg = Release|Any CPU
		{BD91F867-2368-4485-AEB2-39C9672C4150}.Release|Any CPU.Build.0 = Release|Any CPU
		{BD91F867-2368-4485-AEB2-39C9672C4150}.Release|x64.ActiveCfg = Release|Any CPU
		{BD91F867-2368-4485-AEB2-39C9672C4150}.Release|x64.Build.0 = Release|Any CPU
		{BD91F867-2368-4485-AEB2-39C9672C4150}.Release|x86.ActiveCfg = Release|Any CPU
		{BD91F867-2368-4485-AEB2-39C9672C4150}.Release|x86.Build.0 = Release|Any CPU
		{B9D32552-33DB-4DDA-A987-69D5DD570300}.Debug|Any CPU.ActiveCfg = Debug|Any CPU
		{B9D32552-33DB-4DDA-A987-69D5DD570300}.Debug|Any CPU.Build.0 = Debug|Any CPU
		{B9D32552-33DB-4DDA-A987-69D5DD570300}.Debug|x64.ActiveCfg = Debug|Any CPU
		{B9D32552-33DB-4DDA-A987-69D5DD570300}.Debug|x64.Build.0 = Debug|Any CPU
		{B9D32552-33DB-4DDA-A987-69D5DD570300}.Debug|x86.ActiveCfg = Debug|Any CPU
		{B9D32552-33DB-4DDA-A987-69D5DD570300}.Debug|x86.Build.0 = Debug|Any CPU
		{B9D32552-33DB-4DDA-A987-69D5DD570300}.Release|Any CPU.ActiveCfg = Release|Any CPU
		{B9D32552-33DB-4DDA-A987-69D5DD570300}.Release|Any CPU.Build.0 = Release|Any CPU
		{B9D32552-33DB-4DDA-A987-69D5DD570300}.Release|x64.ActiveCfg = Release|Any CPU
		{B9D32552-33DB-4DDA-A987-69D5DD570300}.Release|x64.Build.0 = Release|Any CPU
		{B9D32552-33DB-4DDA-A987-69D5DD570300}.Release|x86.ActiveCfg = Release|Any CPU
		{B9D32552-33DB-4DDA-A987-69D5DD570300}.Release|x86.Build.0 = Release|Any CPU
		{20B8A427-AF4F-42F5-8825-06E5BEB46EFE}.Debug|Any CPU.ActiveCfg = Debug|Any CPU
		{20B8A427-AF4F-42F5-8825-06E5BEB46EFE}.Debug|Any CPU.Build.0 = Debug|Any CPU
		{20B8A427-AF4F-42F5-8825-06E5BEB46EFE}.Debug|x64.ActiveCfg = Debug|Any CPU
		{20B8A427-AF4F-42F5-8825-06E5BEB46EFE}.Debug|x64.Build.0 = Debug|Any CPU
		{20B8A427-AF4F-42F5-8825-06E5BEB46EFE}.Debug|x86.ActiveCfg = Debug|Any CPU
		{20B8A427-AF4F-42F5-8825-06E5BEB46EFE}.Debug|x86.Build.0 = Debug|Any CPU
		{20B8A427-AF4F-42F5-8825-06E5BEB46EFE}.Release|Any CPU.ActiveCfg = Release|Any CPU
		{20B8A427-AF4F-42F5-8825-06E5BEB46EFE}.Release|Any CPU.Build.0 = Release|Any CPU
		{20B8A427-AF4F-42F5-8825-06E5BEB46EFE}.Release|x64.ActiveCfg = Release|Any CPU
		{20B8A427-AF4F-42F5-8825-06E5BEB46EFE}.Release|x64.Build.0 = Release|Any CPU
		{20B8A427-AF4F-42F5-8825-06E5BEB46EFE}.Release|x86.ActiveCfg = Release|Any CPU
		{20B8A427-AF4F-42F5-8825-06E5BEB46EFE}.Release|x86.Build.0 = Release|Any CPU
	EndGlobalSection
EndGlobal
